
Microsoft Visual Studio Solution File, Format Version 12.00
# Visual Studio Version 16
VisualStudioVersion = 16.0.31911.196
MinimumVisualStudioVersion = 10.0.40219.1
Project("{9A19103F-16F7-4668-BE54-9A1E7A4F7556}") = "TRPO.Core", "TRPO\src\TRPO.Core\TRPO.Core.csproj", "{C1631FA1-A016-48AE-80DE-E2ED00361C04}"
EndProject
Project("{9A19103F-16F7-4668-BE54-9A1E7A4F7556}") = "TRPO.Infrastructure", "TRPO\src\TRPO.Infrastructure\TRPO.Infrastructure.csproj", "{FB0E0C3A-32C6-49DD-8EA0-81540BCE5CF7}"
EndProject
Project("{9A19103F-16F7-4668-BE54-9A1E7A4F7556}") = "TRPO.SharedKernel", "TRPO\src\TRPO.SharedKernel\TRPO.SharedKernel.csproj", "{C2C9C9D6-8CD3-4C65-AD6F-60A023002A89}"
EndProject
Project("{9A19103F-16F7-4668-BE54-9A1E7A4F7556}") = "TRPO.Web", "TRPO\src\TRPO.Web\TRPO.Web.csproj", "{4EAD159A-8A54-4A8B-B479-E4C44547EF74}"
EndProject
Project("{9A19103F-16F7-4668-BE54-9A1E7A4F7556}") = "TRPO.UnitTests", "TRPO\tests\TRPO.UnitTests\TRPO.UnitTests.csproj", "{68BA2BA1-45DA-4418-B4E8-A70A555AC864}"
EndProject
Project("{9A19103F-16F7-4668-BE54-9A1E7A4F7556}") = "TRPO.IntegrationTests", "TRPO\tests\TRPO.IntegrationTests\TRPO.IntegrationTests.csproj", "{1171907F-E054-481A-806A-339D96B46645}"
EndProject
Project("{9A19103F-16F7-4668-BE54-9A1E7A4F7556}") = "TRPO.FunctionalTests", "TRPO\tests\TRPO.FunctionalTests\TRPO.FunctionalTests.csproj", "{5A38CD95-CCE5-494E-973E-2821312C70FF}"
EndProject
Project("{FAE04EC0-301F-11D3-BF4B-00C04F79EFBC}") = "TRPONEW", "TRPONEW\TRPONEW.csproj", "{2344B030-E577-4B64-A8C4-975420037FE9}"
EndProject
Global
	GlobalSection(SolutionConfigurationPlatforms) = preSolution
		Debug|Any CPU = Debug|Any CPU
		Release|Any CPU = Release|Any CPU
	EndGlobalSection
	GlobalSection(ProjectConfigurationPlatforms) = postSolution
		{C1631FA1-A016-48AE-80DE-E2ED00361C04}.Debug|Any CPU.ActiveCfg = Debug|Any CPU
		{C1631FA1-A016-48AE-80DE-E2ED00361C04}.Debug|Any CPU.Build.0 = Debug|Any CPU
		{C1631FA1-A016-48AE-80DE-E2ED00361C04}.Release|Any CPU.ActiveCfg = Release|Any CPU
		{C1631FA1-A016-48AE-80DE-E2ED00361C04}.Release|Any CPU.Build.0 = Release|Any CPU
		{FB0E0C3A-32C6-49DD-8EA0-81540BCE5CF7}.Debug|Any CPU.ActiveCfg = Debug|Any CPU
		{FB0E0C3A-32C6-49DD-8EA0-81540BCE5CF7}.Debug|Any CPU.Build.0 = Debug|Any CPU
		{FB0E0C3A-32C6-49DD-8EA0-81540BCE5CF7}.Release|Any CPU.ActiveCfg = Release|Any CPU
		{FB0E0C3A-32C6-49DD-8EA0-81540BCE5CF7}.Release|Any CPU.Build.0 = Release|Any CPU
		{C2C9C9D6-8CD3-4C65-AD6F-60A023002A89}.Debug|Any CPU.ActiveCfg = Debug|Any CPU
		{C2C9C9D6-8CD3-4C65-AD6F-60A023002A89}.Debug|Any CPU.Build.0 = Debug|Any CPU
		{C2C9C9D6-8CD3-4C65-AD6F-60A023002A89}.Release|Any CPU.ActiveCfg = Release|Any CPU
		{C2C9C9D6-8CD3-4C65-AD6F-60A023002A89}.Release|Any CPU.Build.0 = Release|Any CPU
		{4EAD159A-8A54-4A8B-B479-E4C44547EF74}.Debug|Any CPU.ActiveCfg = Debug|Any CPU
		{4EAD159A-8A54-4A8B-B479-E4C44547EF74}.Debug|Any CPU.Build.0 = Debug|Any CPU
		{4EAD159A-8A54-4A8B-B479-E4C44547EF74}.Release|Any CPU.ActiveCfg = Release|Any CPU
		{4EAD159A-8A54-4A8B-B479-E4C44547EF74}.Release|Any CPU.Build.0 = Release|Any CPU
		{68BA2BA1-45DA-4418-B4E8-A70A555AC864}.Debug|Any CPU.ActiveCfg = Debug|Any CPU
		{68BA2BA1-45DA-4418-B4E8-A70A555AC864}.Debug|Any CPU.Build.0 = Debug|Any CPU
		{68BA2BA1-45DA-4418-B4E8-A70A555AC864}.Release|Any CPU.ActiveCfg = Release|Any CPU
		{68BA2BA1-45DA-4418-B4E8-A70A555AC864}.Release|Any CPU.Build.0 = Release|Any CPU
		{1171907F-E054-481A-806A-339D96B46645}.Debug|Any CPU.ActiveCfg = Debug|Any CPU
		{1171907F-E054-481A-806A-339D96B46645}.Debug|Any CPU.Build.0 = Debug|Any CPU
		{1171907F-E054-481A-806A-339D96B46645}.Release|Any CPU.ActiveCfg = Release|Any CPU
		{1171907F-E054-481A-806A-339D96B46645}.Release|Any CPU.Build.0 = Release|Any CPU
		{5A38CD95-CCE5-494E-973E-2821312C70FF}.Debug|Any CPU.ActiveCfg = Debug|Any CPU
		{5A38CD95-CCE5-494E-973E-2821312C70FF}.Debug|Any CPU.Build.0 = Debug|Any CPU
		{5A38CD95-CCE5-494E-973E-2821312C70FF}.Release|Any CPU.ActiveCfg = Release|Any CPU
		{5A38CD95-CCE5-494E-973E-2821312C70FF}.Release|Any CPU.Build.0 = Release|Any CPU
		{2344B030-E577-4B64-A8C4-975420037FE9}.Debug|Any CPU.ActiveCfg = Debug|Any CPU
		{2344B030-E577-4B64-A8C4-975420037FE9}.Debug|Any CPU.Build.0 = Debug|Any CPU
		{2344B030-E577-4B64-A8C4-975420037FE9}.Release|Any CPU.ActiveCfg = Release|Any CPU
		{2344B030-E577-4B64-A8C4-975420037FE9}.Release|Any CPU.Build.0 = Release|Any CPU
	EndGlobalSection
	GlobalSection(SolutionProperties) = preSolution
		HideSolutionNode = FALSE
	EndGlobalSection
	GlobalSection(ExtensibilityGlobals) = postSolution
		SolutionGuid = {68E09785-1159-4153-99D6-853263B513AC}
	EndGlobalSection
EndGlobal
